// !$*UTF8*$!
{
	archiveVersion = 1;
	classes = {
	};
	objectVersion = 56;
	objects = {

/* Begin PBXBuildFile section */
		65BA60232985BAAE0062FD9F /* AppDelegate.swift in Sources */ = {isa = PBXBuildFile; fileRef = 65BA60222985BAAE0062FD9F /* AppDelegate.swift */; };
		65BA60252985BAAE0062FD9F /* SceneDelegate.swift in Sources */ = {isa = PBXBuildFile; fileRef = 65BA60242985BAAE0062FD9F /* SceneDelegate.swift */; };
		65BA60272985BAAE0062FD9F /* ViewController.swift in Sources */ = {isa = PBXBuildFile; fileRef = 65BA60262985BAAE0062FD9F /* ViewController.swift */; };
		65BA602A2985BAAE0062FD9F /* Main.storyboard in Resources */ = {isa = PBXBuildFile; fileRef = 65BA60282985BAAE0062FD9F /* Main.storyboard */; };
		65BA602C2985BAB00062FD9F /* Assets.xcassets in Resources */ = {isa = PBXBuildFile; fileRef = 65BA602B2985BAB00062FD9F /* Assets.xcassets */; };
		65BA602F2985BAB00062FD9F /* LaunchScreen.storyboard in Resources */ = {isa = PBXBuildFile; fileRef = 65BA602D2985BAB00062FD9F /* LaunchScreen.storyboard */; };
		65BA603A2985BAB00062FD9F /* TouchTrackerTests.swift in Sources */ = {isa = PBXBuildFile; fileRef = 65BA60392985BAB00062FD9F /* TouchTrackerTests.swift */; };
		65BA60442985BAB00062FD9F /* TouchTrackerUITests.swift in Sources */ = {isa = PBXBuildFile; fileRef = 65BA60432985BAB00062FD9F /* TouchTrackerUITests.swift */; };
		65BA60462985BAB00062FD9F /* TouchTrackerUITestsLaunchTests.swift in Sources */ = {isa = PBXBuildFile; fileRef = 65BA60452985BAB00062FD9F /* TouchTrackerUITestsLaunchTests.swift */; };
		65BA60532985BB500062FD9F /* Line.swift in Sources */ = {isa = PBXBuildFile; fileRef = 65BA60522985BB500062FD9F /* Line.swift */; };
		65BA60552985BBE30062FD9F /* DrawView.swift in Sources */ = {isa = PBXBuildFile; fileRef = 65BA60542985BBE30062FD9F /* DrawView.swift */; };
/* End PBXBuildFile section */

/* Begin PBXContainerItemProxy section */
		65BA60362985BAB00062FD9F /* PBXContainerItemProxy */ = {
			isa = PBXContainerItemProxy;
			containerPortal = 65BA60172985BAAE0062FD9F /* Project object */;
			proxyType = 1;
			remoteGlobalIDString = 65BA601E2985BAAE0062FD9F;
			remoteInfo = TouchTracker;
		};
		65BA60402985BAB00062FD9F /* PBXContainerItemProxy */ = {
			isa = PBXContainerItemProxy;
			containerPortal = 65BA60172985BAAE0062FD9F /* Project object */;
			proxyType = 1;
			remoteGlobalIDString = 65BA601E2985BAAE0062FD9F;
			remoteInfo = TouchTracker;
		};
/* End PBXContainerItemProxy section */

/* Begin PBXFileReference section */
		65BA601F2985BAAE0062FD9F /* TouchTracker.app */ = {isa = PBXFileReference; explicitFileType = wrapper.application; includeInIndex = 0; path = TouchTracker.app; sourceTree = BUILT_PRODUCTS_DIR; };
		65BA60222985BAAE0062FD9F /* AppDelegate.swift */ = {isa = PBXFileReference; lastKnownFileType = sourcecode.swift; path = AppDelegate.swift; sourceTree = "<group>"; };
		65BA60242985BAAE0062FD9F /* SceneDelegate.swift */ = {isa = PBXFileReference; lastKnownFileType = sourcecode.swift; path = SceneDelegate.swift; sourceTree = "<group>"; };
		65BA60262985BAAE0062FD9F /* ViewController.swift */ = {isa = PBXFileReference; lastKnownFileType = sourcecode.swift; path = ViewController.swift; sourceTree = "<group>"; };
		65BA60292985BAAE0062FD9F /* Base */ = {isa = PBXFileReference; lastKnownFileType = file.storyboard; name = Base; path = Base.lproj/Main.storyboard; sourceTree = "<group>"; };
		65BA602B2985BAB00062FD9F /* Assets.xcassets */ = {isa = PBXFileReference; lastKnownFileType = folder.assetcatalog; path = Assets.xcassets; sourceTree = "<group>"; };
		65BA602E2985BAB00062FD9F /* Base */ = {isa = PBXFileReference; lastKnownFileType = file.storyboard; name = Base; path = Base.lproj/LaunchScreen.storyboard; sourceTree = "<group>"; };
		65BA60302985BAB00062FD9F /* Info.plist */ = {isa = PBXFileReference; lastKnownFileType = text.plist.xml; path = Info.plist; sourceTree = "<group>"; };
		65BA60352985BAB00062FD9F /* TouchTrackerTests.xctest */ = {isa = PBXFileReference; explicitFileType = wrapper.cfbundle; includeInIndex = 0; path = TouchTrackerTests.xctest; sourceTree = BUILT_PRODUCTS_DIR; };
		65BA60392985BAB00062FD9F /* TouchTrackerTests.swift */ = {isa = PBXFileReference; lastKnownFileType = sourcecode.swift; path = TouchTrackerTests.swift; sourceTree = "<group>"; };
		65BA603F2985BAB00062FD9F /* TouchTrackerUITests.xctest */ = {isa = PBXFileReference; explicitFileType = wrapper.cfbundle; includeInIndex = 0; path = TouchTrackerUITests.xctest; sourceTree = BUILT_PRODUCTS_DIR; };
		65BA60432985BAB00062FD9F /* TouchTrackerUITests.swift */ = {isa = PBXFileReference; lastKnownFileType = sourcecode.swift; path = TouchTrackerUITests.swift; sourceTree = "<group>"; };
		65BA60452985BAB00062FD9F /* TouchTrackerUITestsLaunchTests.swift */ = {isa = PBXFileReference; lastKnownFileType = sourcecode.swift; path = TouchTrackerUITestsLaunchTests.swift; sourceTree = "<group>"; };
		65BA60522985BB500062FD9F /* Line.swift */ = {isa = PBXFileReference; lastKnownFileType = sourcecode.swift; path = Line.swift; sourceTree = "<group>"; };
		65BA60542985BBE30062FD9F /* DrawView.swift */ = {isa = PBXFileReference; lastKnownFileType = sourcecode.swift; path = DrawView.swift; sourceTree = "<group>"; };
/* End PBXFileReference section */

/* Begin PBXFrameworksBuildPhase section */
		65BA601C2985BAAE0062FD9F /* Frameworks */ = {
			isa = PBXFrameworksBuildPhase;
			buildActionMask = 2147483647;
			files = (
			);
			runOnlyForDeploymentPostprocessing = 0;
		};
		65BA60322985BAB00062FD9F /* Frameworks */ = {
			isa = PBXFrameworksBuildPhase;
			buildActionMask = 2147483647;
			files = (
			);
			runOnlyForDeploymentPostprocessing = 0;
		};
		65BA603C2985BAB00062FD9F /* Frameworks */ = {
			isa = PBXFrameworksBuildPhase;
			buildActionMask = 2147483647;
			files = (
			);
			runOnlyForDeploymentPostprocessing = 0;
		};
/* End PBXFrameworksBuildPhase section */

/* Begin PBXGroup section */
		65BA60162985BAAE0062FD9F = {
			isa = PBXGroup;
			children = (
				65BA60212985BAAE0062FD9F /* TouchTracker */,
				65BA60382985BAB00062FD9F /* TouchTrackerTests */,
				65BA60422985BAB00062FD9F /* TouchTrackerUITests */,
				65BA60202985BAAE0062FD9F /* Products */,
			);
			sourceTree = "<group>";
		};
		65BA60202985BAAE0062FD9F /* Products */ = {
			isa = PBXGroup;
			children = (
				65BA601F2985BAAE0062FD9F /* TouchTracker.app */,
				65BA60352985BAB00062FD9F /* TouchTrackerTests.xctest */,
				65BA603F2985BAB00062FD9F /* TouchTrackerUITests.xctest */,
			);
			name = Products;
			sourceTree = "<group>";
		};
		65BA60212985BAAE0062FD9F /* TouchTracker */ = {
			isa = PBXGroup;
			children = (
				65BA60522985BB500062FD9F /* Line.swift */,
				65BA60542985BBE30062FD9F /* DrawView.swift */,
				65BA60222985BAAE0062FD9F /* AppDelegate.swift */,
				65BA60242985BAAE0062FD9F /* SceneDelegate.swift */,
				65BA60262985BAAE0062FD9F /* ViewController.swift */,
				65BA60282985BAAE0062FD9F /* Main.storyboard */,
				65BA602B2985BAB00062FD9F /* Assets.xcassets */,
				65BA602D2985BAB00062FD9F /* LaunchScreen.storyboard */,
				65BA60302985BAB00062FD9F /* Info.plist */,
			);
			path = TouchTracker;
			sourceTree = "<group>";
		};
		65BA60382985BAB00062FD9F /* TouchTrackerTests */ = {
			isa = PBXGroup;
			children = (
				65BA60392985BAB00062FD9F /* TouchTrackerTests.swift */,
			);
			path = TouchTrackerTests;
			sourceTree = "<group>";
		};
		65BA60422985BAB00062FD9F /* TouchTrackerUITests */ = {
			isa = PBXGroup;
			children = (
				65BA60432985BAB00062FD9F /* TouchTrackerUITests.swift */,
				65BA60452985BAB00062FD9F /* TouchTrackerUITestsLaunchTests.swift */,
			);
			path = TouchTrackerUITests;
			sourceTree = "<group>";
		};
/* End PBXGroup section */

/* Begin PBXNativeTarget section */
		65BA601E2985BAAE0062FD9F /* TouchTracker */ = {
			isa = PBXNativeTarget;
			buildConfigurationList = 65BA60492985BAB00062FD9F /* Build configuration list for PBXNativeTarget "TouchTracker" */;
			buildPhases = (
				65BA601B2985BAAE0062FD9F /* Sources */,
				65BA601C2985BAAE0062FD9F /* Frameworks */,
				65BA601D2985BAAE0062FD9F /* Resources */,
			);
			buildRules = (
			);
			dependencies = (
			);
			name = TouchTracker;
			productName = TouchTracker;
			productReference = 65BA601F2985BAAE0062FD9F /* TouchTracker.app */;
			productType = "com.apple.product-type.application";
		};
		65BA60342985BAB00062FD9F /* TouchTrackerTests */ = {
			isa = PBXNativeTarget;
			buildConfigurationList = 65BA604C2985BAB00062FD9F /* Build configuration list for PBXNativeTarget "TouchTrackerTests" */;
			buildPhases = (
				65BA60312985BAB00062FD9F /* Sources */,
				65BA60322985BAB00062FD9F /* Frameworks */,
				65BA60332985BAB00062FD9F /* Resources */,
			);
			buildRules = (
			);
			dependencies = (
				65BA60372985BAB00062FD9F /* PBXTargetDependency */,
			);
			name = TouchTrackerTests;
			productName = TouchTrackerTests;
			productReference = 65BA60352985BAB00062FD9F /* TouchTrackerTests.xctest */;
			productType = "com.apple.product-type.bundle.unit-test";
		};
		65BA603E2985BAB00062FD9F /* TouchTrackerUITests */ = {
			isa = PBXNativeTarget;
			buildConfigurationList = 65BA604F2985BAB00062FD9F /* Build configuration list for PBXNativeTarget "TouchTrackerUITests" */;
			buildPhases = (
				65BA603B2985BAB00062FD9F /* Sources */,
				65BA603C2985BAB00062FD9F /* Frameworks */,
				65BA603D2985BAB00062FD9F /* Resources */,
			);
			buildRules = (
			);
			dependencies = (
				65BA60412985BAB00062FD9F /* PBXTargetDependency */,
			);
			name = TouchTrackerUITests;
			productName = TouchTrackerUITests;
			productReference = 65BA603F2985BAB00062FD9F /* TouchTrackerUITests.xctest */;
			productType = "com.apple.product-type.bundle.ui-testing";
		};
/* End PBXNativeTarget section */

/* Begin PBXProject section */
		65BA60172985BAAE0062FD9F /* Project object */ = {
			isa = PBXProject;
			attributes = {
				BuildIndependentTargetsInParallel = 1;
				LastSwiftUpdateCheck = 1420;
				LastUpgradeCheck = 1420;
				TargetAttributes = {
					65BA601E2985BAAE0062FD9F = {
						CreatedOnToolsVersion = 14.2;
					};
					65BA60342985BAB00062FD9F = {
						CreatedOnToolsVersion = 14.2;
						TestTargetID = 65BA601E2985BAAE0062FD9F;
					};
					65BA603E2985BAB00062FD9F = {
						CreatedOnToolsVersion = 14.2;
						TestTargetID = 65BA601E2985BAAE0062FD9F;
					};
				};
			};
			buildConfigurationList = 65BA601A2985BAAE0062FD9F /* Build configuration list for PBXProject "TouchTracker" */;
			compatibilityVersion = "Xcode 14.0";
			developmentRegion = en;
			hasScannedForEncodings = 0;
			knownRegions = (
				en,
				Base,
			);
			mainGroup = 65BA60162985BAAE0062FD9F;
			productRefGroup = 65BA60202985BAAE0062FD9F /* Products */;
			projectDirPath = "";
			projectRoot = "";
			targets = (
				65BA601E2985BAAE0062FD9F /* TouchTracker */,
				65BA60342985BAB00062FD9F /* TouchTrackerTests */,
				65BA603E2985BAB00062FD9F /* TouchTrackerUITests */,
			);
		};
/* End PBXProject section */

/* Begin PBXResourcesBuildPhase section */
		65BA601D2985BAAE0062FD9F /* Resources */ = {
			isa = PBXResourcesBuildPhase;
			buildActionMask = 2147483647;
			files = (
				65BA602F2985BAB00062FD9F /* LaunchScreen.storyboard in Resources */,
				65BA602C2985BAB00062FD9F /* Assets.xcassets in Resources */,
				65BA602A2985BAAE0062FD9F /* Main.storyboard in Resources */,
			);
			runOnlyForDeploymentPostprocessing = 0;
		};
		65BA60332985BAB00062FD9F /* Resources */ = {
			isa = PBXResourcesBuildPhase;
			buildActionMask = 2147483647;
			files = (
			);
			runOnlyForDeploymentPostprocessing = 0;
		};
		65BA603D2985BAB00062FD9F /* Resources */ = {
			isa = PBXResourcesBuildPhase;
			buildActionMask = 2147483647;
			files = (
			);
			runOnlyForDeploymentPostprocessing = 0;
		};
/* End PBXResourcesBuildPhase section */

/* Begin PBXSourcesBuildPhase section */
		65BA601B2985BAAE0062FD9F /* Sources */ = {
			isa = PBXSourcesBuildPhase;
			buildActionMask = 2147483647;
			files = (
				65BA60272985BAAE0062FD9F /* ViewController.swift in Sources */,
				65BA60552985BBE30062FD9F /* DrawView.swift in Sources */,
				65BA60532985BB500062FD9F /* Line.swift in Sources */,
				65BA60232985BAAE0062FD9F /* AppDelegate.swift in Sources */,
				65BA60252985BAAE0062FD9F /* SceneDelegate.swift in Sources */,
			);
			runOnlyForDeploymentPostprocessing = 0;
		};
		65BA60312985BAB00062FD9F /* Sources */ = {
			isa = PBXSourcesBuildPhase;
			buildActionMask = 2147483647;
			files = (
				65BA603A2985BAB00062FD9F /* TouchTrackerTests.swift in Sources */,
			);
			runOnlyForDeploymentPostprocessing = 0;
		};
		65BA603B2985BAB00062FD9F /* Sources */ = {
			isa = PBXSourcesBuildPhase;
			buildActionMask = 2147483647;
			files = (
				65BA60442985BAB00062FD9F /* TouchTrackerUITests.swift in Sources */,
				65BA60462985BAB00062FD9F /* TouchTrackerUITestsLaunchTests.swift in Sources */,
			);
			runOnlyForDeploymentPostprocessing = 0;
		};
/* End PBXSourcesBuildPhase section */

/* Begin PBXTargetDependency section */
		65BA60372985BAB00062FD9F /* PBXTargetDependency */ = {
			isa = PBXTargetDependency;
			target = 65BA601E2985BAAE0062FD9F /* TouchTracker */;
			targetProxy = 65BA60362985BAB00062FD9F /* PBXContainerItemProxy */;
		};
		65BA60412985BAB00062FD9F /* PBXTargetDependency */ = {
			isa = PBXTargetDependency;
			target = 65BA601E2985BAAE0062FD9F /* TouchTracker */;
			targetProxy = 65BA60402985BAB00062FD9F /* PBXContainerItemProxy */;
		};
/* End PBXTargetDependency section */

/* Begin PBXVariantGroup section */
		65BA60282985BAAE0062FD9F /* Main.storyboard */ = {
			isa = PBXVariantGroup;
			children = (
				65BA60292985BAAE0062FD9F /* Base */,
			);
			name = Main.storyboard;
			sourceTree = "<group>";
		};
		65BA602D2985BAB00062FD9F /* LaunchScreen.storyboard */ = {
			isa = PBXVariantGroup;
			children = (
				65BA602E2985BAB00062FD9F /* Base */,
			);
			name = LaunchScreen.storyboard;
			sourceTree = "<group>";
		};
/* End PBXVariantGroup section */

/* Begin XCBuildConfiguration section */
		65BA60472985BAB00062FD9F /* Debug */ = {
			isa = XCBuildConfiguration;
			buildSettings = {
				ALWAYS_SEARCH_USER_PATHS = NO;
				CLANG_ANALYZER_NONNULL = YES;
				CLANG_ANALYZER_NUMBER_OBJECT_CONVERSION = YES_AGGRESSIVE;
				CLANG_CXX_LANGUAGE_STANDARD = "gnu++20";
				CLANG_ENABLE_MODULES = YES;
				CLANG_ENABLE_OBJC_ARC = YES;
				CLANG_ENABLE_OBJC_WEAK = YES;
				CLANG_WARN_BLOCK_CAPTURE_AUTORELEASING = YES;
				CLANG_WARN_BOOL_CONVERSION = YES;
				CLANG_WARN_COMMA = YES;
				CLANG_WARN_CONSTANT_CONVERSION = YES;
				CLANG_WARN_DEPRECATED_OBJC_IMPLEMENTATIONS = YES;
				CLANG_WARN_DIRECT_OBJC_ISA_USAGE = YES_ERROR;
				CLANG_WARN_DOCUMENTATION_COMMENTS = YES;
				CLANG_WARN_EMPTY_BODY = YES;
				CLANG_WARN_ENUM_CONVERSION = YES;
				CLANG_WARN_INFINITE_RECURSION = YES;
				CLANG_WARN_INT_CONVERSION = YES;
				CLANG_WARN_NON_LITERAL_NULL_CONVERSION = YES;
				CLANG_WARN_OBJC_IMPLICIT_RETAIN_SELF = YES;
				CLANG_WARN_OBJC_LITERAL_CONVERSION = YES;
				CLANG_WARN_OBJC_ROOT_CLASS = YES_ERROR;
				CLANG_WARN_QUOTED_INCLUDE_IN_FRAMEWORK_HEADER = YES;
				CLANG_WARN_RANGE_LOOP_ANALYSIS = YES;
				CLANG_WARN_STRICT_PROTOTYPES = YES;
				CLANG_WARN_SUSPICIOUS_MOVE = YES;
				CLANG_WARN_UNGUARDED_AVAILABILITY = YES_AGGRESSIVE;
				CLANG_WARN_UNREACHABLE_CODE = YES;
				CLANG_WARN__DUPLICATE_METHOD_MATCH = YES;
				COPY_PHASE_STRIP = NO;
				DEBUG_INFORMATION_FORMAT = dwarf;
				ENABLE_STRICT_OBJC_MSGSEND = YES;
				ENABLE_TESTABILITY = YES;
				GCC_C_LANGUAGE_STANDARD = gnu11;
				GCC_DYNAMIC_NO_PIC = NO;
				GCC_NO_COMMON_BLOCKS = YES;
				GCC_OPTIMIZATION_LEVEL = 0;
				GCC_PREPROCESSOR_DEFINITIONS = (
					"DEBUG=1",
					"$(inherited)",
				);
				GCC_WARN_64_TO_32_BIT_CONVERSION = YES;
				GCC_WARN_ABOUT_RETURN_TYPE = YES_ERROR;
				GCC_WARN_UNDECLARED_SELECTOR = YES;
				GCC_WARN_UNINITIALIZED_AUTOS = YES_AGGRESSIVE;
				GCC_WARN_UNUSED_FUNCTION = YES;
				GCC_WARN_UNUSED_VARIABLE = YES;
				IPHONEOS_DEPLOYMENT_TARGET = 16.2;
				MTL_ENABLE_DEBUG_INFO = INCLUDE_SOURCE;
				MTL_FAST_MATH = YES;
				ONLY_ACTIVE_ARCH = YES;
				SDKROOT = iphoneos;
				SWIFT_ACTIVE_COMPILATION_CONDITIONS = DEBUG;
				SWIFT_OPTIMIZATION_LEVEL = "-Onone";
			};
			name = Debug;
		};
		65BA60482985BAB00062FD9F /* Release */ = {
			isa = XCBuildConfiguration;
			buildSettings = {
				ALWAYS_SEARCH_USER_PATHS = NO;
				CLANG_ANALYZER_NONNULL = YES;
				CLANG_ANALYZER_NUMBER_OBJECT_CONVERSION = YES_AGGRESSIVE;
				CLANG_CXX_LANGUAGE_STANDARD = "gnu++20";
				CLANG_ENABLE_MODULES = YES;
				CLANG_ENABLE_OBJC_ARC = YES;
				CLANG_ENABLE_OBJC_WEAK = YES;
				CLANG_WARN_BLOCK_CAPTURE_AUTORELEASING = YES;
				CLANG_WARN_BOOL_CONVERSION = YES;
				CLANG_WARN_COMMA = YES;
				CLANG_WARN_CONSTANT_CONVERSION = YES;
				CLANG_WARN_DEPRECATED_OBJC_IMPLEMENTATIONS = YES;
				CLANG_WARN_DIRECT_OBJC_ISA_USAGE = YES_ERROR;
				CLANG_WARN_DOCUMENTATION_COMMENTS = YES;
				CLANG_WARN_EMPTY_BODY = YES;
				CLANG_WARN_ENUM_CONVERSION = YES;
				CLANG_WARN_INFINITE_RECURSION = YES;
				CLANG_WARN_INT_CONVERSION = YES;
				CLANG_WARN_NON_LITERAL_NULL_CONVERSION = YES;
				CLANG_WARN_OBJC_IMPLICIT_RETAIN_SELF = YES;
				CLANG_WARN_OBJC_LITERAL_CONVERSION = YES;
				CLANG_WARN_OBJC_ROOT_CLASS = YES_ERROR;
				CLANG_WARN_QUOTED_INCLUDE_IN_FRAMEWORK_HEADER = YES;
				CLANG_WARN_RANGE_LOOP_ANALYSIS = YES;
				CLANG_WARN_STRICT_PROTOTYPES = YES;
				CLANG_WARN_SUSPICIOUS_MOVE = YES;
				CLANG_WARN_UNGUARDED_AVAILABILITY = YES_AGGRESSIVE;
				CLANG_WARN_UNREACHABLE_CODE = YES;
				CLANG_WARN__DUPLICATE_METHOD_MATCH = YES;
				COPY_PHASE_STRIP = NO;
				DEBUG_INFORMATION_FORMAT = "dwarf-with-dsym";
				ENABLE_NS_ASSERTIONS = NO;
				ENABLE_STRICT_OBJC_MSGSEND = YES;
				GCC_C_LANGUAGE_STANDARD = gnu11;
				GCC_NO_COMMON_BLOCKS = YES;
				GCC_WARN_64_TO_32_BIT_CONVERSION = YES;
				GCC_WARN_ABOUT_RETURN_TYPE = YES_ERROR;
				GCC_WARN_UNDECLARED_SELECTOR = YES;
				GCC_WARN_UNINITIALIZED_AUTOS = YES_AGGRESSIVE;
				GCC_WARN_UNUSED_FUNCTION = YES;
				GCC_WARN_UNUSED_VARIABLE = YES;
				IPHONEOS_DEPLOYMENT_TARGET = 16.2;
				MTL_ENABLE_DEBUG_INFO = NO;
				MTL_FAST_MATH = YES;
				SDKROOT = iphoneos;
				SWIFT_COMPILATION_MODE = wholemodule;
				SWIFT_OPTIMIZATION_LEVEL = "-O";
				VALIDATE_PRODUCT = YES;
			};
			name = Release;
		};
		65BA604A2985BAB00062FD9F /* Debug */ = {
			isa = XCBuildConfiguration;
			buildSettings = {
				ASSETCATALOG_COMPILER_APPICON_NAME = AppIcon;
				ASSETCATALOG_COMPILER_GLOBAL_ACCENT_COLOR_NAME = AccentColor;
				CODE_SIGN_STYLE = Automatic;
				CURRENT_PROJECT_VERSION = 1;
				DEVELOPMENT_TEAM = 745E2QWJA3;
				GENERATE_INFOPLIST_FILE = YES;
				INFOPLIST_FILE = TouchTracker/Info.plist;
				INFOPLIST_KEY_UIApplicationSupportsIndirectInputEvents = YES;
				INFOPLIST_KEY_UILaunchStoryboardName = LaunchScreen;
				INFOPLIST_KEY_UIMainStoryboardFile = Main;
				INFOPLIST_KEY_UISupportedInterfaceOrientations_iPad = "UIInterfaceOrientationPortrait UIInterfaceOrientationPortraitUpsideDown UIInterfaceOrientationLandscapeLeft UIInterfaceOrientationLandscapeRight";
				INFOPLIST_KEY_UISupportedInterfaceOrientations_iPhone = "UIInterfaceOrientationPortrait UIInterfaceOrientationLandscapeLeft UIInterfaceOrientationLandscapeRight";
				LD_RUNPATH_SEARCH_PATHS = (
					"$(inherited)",
					"@executable_path/Frameworks",
				);
				MARKETING_VERSION = 1.0;
				PRODUCT_BUNDLE_IDENTIFIER = com.bignerdranch.TouchTracker;
				PRODUCT_NAME = "$(TARGET_NAME)";
				SWIFT_EMIT_LOC_STRINGS = YES;
				SWIFT_VERSION = 5.0;
				TARGETED_DEVICE_FAMILY = "1,2";
			};
			name = Debug;
		};
		65BA604B2985BAB00062FD9F /* Release */ = {
			isa = XCBuildConfiguration;
			buildSettings = {
				ASSETCATALOG_COMPILER_APPICON_NAME = AppIcon;
				ASSETCATALOG_COMPILER_GLOBAL_ACCENT_COLOR_NAME = AccentColor;
				CODE_SIGN_STYLE = Automatic;
				CURRENT_PROJECT_VERSION = 1;
				DEVELOPMENT_TEAM = 745E2QWJA3;
				GENERATE_INFOPLIST_FILE = YES;
				INFOPLIST_FILE = TouchTracker/Info.plist;
				INFOPLIST_KEY_UIApplicationSupportsIndirectInputEvents = YES;
				INFOPLIST_KEY_UILaunchStoryboardName = LaunchScreen;
				INFOPLIST_KEY_UIMainStoryboardFile = Main;
				INFOPLIST_KEY_UISupportedInterfaceOrientations_iPad = "UIInterfaceOrientationPortrait UIInterfaceOrientationPortraitUpsideDown UIInterfaceOrientationLandscapeLeft UIInterfaceOrientationLandscapeRight";
				INFOPLIST_KEY_UISupportedInterfaceOrientations_iPhone = "UIInterfaceOrientationPortrait UIInterfaceOrientationLandscapeLeft UIInterfaceOrientationLandscapeRight";
				LD_RUNPATH_SEARCH_PATHS = (
					"$(inherited)",
					"@executable_path/Frameworks",
				);
				MARKETING_VERSION = 1.0;
				PRODUCT_BUNDLE_IDENTIFIER = com.bignerdranch.TouchTracker;
				PRODUCT_NAME = "$(TARGET_NAME)";
				SWIFT_EMIT_LOC_STRINGS = YES;
				SWIFT_VERSION = 5.0;
				TARGETED_DEVICE_FAMILY = "1,2";
			};
			name = Release;
		};
		65BA604D2985BAB00062FD9F /* Debug */ = {
			isa = XCBuildConfiguration;
			buildSettings = {
				ALWAYS_EMBED_SWIFT_STANDARD_LIBRARIES = YES;
				BUNDLE_LOADER = "$(TEST_HOST)";
				CODE_SIGN_STYLE = Automatic;
				CURRENT_PROJECT_VERSION = 1;
				DEVELOPMENT_TEAM = 745E2QWJA3;
				GENERATE_INFOPLIST_FILE = YES;
				IPHONEOS_DEPLOYMENT_TARGET = 16.2;
				MARKETING_VERSION = 1.0;
				PRODUCT_BUNDLE_IDENTIFIER = com.bignerdranch.TouchTrackerTests;
				PRODUCT_NAME = "$(TARGET_NAME)";
				SWIFT_EMIT_LOC_STRINGS = NO;
				SWIFT_VERSION = 5.0;
				TARGETED_DEVICE_FAMILY = "1,2";
				TEST_HOST = "$(BUILT_PRODUCTS_DIR)/TouchTracker.app/$(BUNDLE_EXECUTABLE_FOLDER_PATH)/TouchTracker";
			};
			name = Debug;
		};
		65BA604E2985BAB00062FD9F /* Release */ = {
			isa = XCBuildConfiguration;
			buildSettings = {
				ALWAYS_EMBED_SWIFT_STANDARD_LIBRARIES = YES;
				BUNDLE_LOADER = "$(TEST_HOST)";
				CODE_SIGN_STYLE = Automatic;
				CURRENT_PROJECT_VERSION = 1;
				DEVELOPMENT_TEAM = 745E2QWJA3;
				GENERATE_INFOPLIST_FILE = YES;
				IPHONEOS_DEPLOYMENT_TARGET = 16.2;
				MARKETING_VERSION = 1.0;
				PRODUCT_BUNDLE_IDENTIFIER = com.bignerdranch.TouchTrackerTests;
				PRODUCT_NAME = "$(TARGET_NAME)";
				SWIFT_EMIT_LOC_STRINGS = NO;
				SWIFT_VERSION = 5.0;
				TARGETED_DEVICE_FAMILY = "1,2";
				TEST_HOST = "$(BUILT_PRODUCTS_DIR)/TouchTracker.app/$(BUNDLE_EXECUTABLE_FOLDER_PATH)/TouchTracker";
			};
			name = Release;
		};
		65BA60502985BAB00062FD9F /* Debug */ = {
			isa = XCBuildConfiguration;
			buildSettings = {
				ALWAYS_EMBED_SWIFT_STANDARD_LIBRARIES = YES;
				CODE_SIGN_STYLE = Automatic;
				CURRENT_PROJECT_VERSION = 1;
				DEVELOPMENT_TEAM = 745E2QWJA3;
				GENERATE_INFOPLIST_FILE = YES;
				MARKETING_VERSION = 1.0;
				PRODUCT_BUNDLE_IDENTIFIER = com.bignerdranch.TouchTrackerUITests;
				PRODUCT_NAME = "$(TARGET_NAME)";
				SWIFT_EMIT_LOC_STRINGS = NO;
				SWIFT_VERSION = 5.0;
				TARGETED_DEVICE_FAMILY = "1,2";
				TEST_TARGET_NAME = TouchTracker;
			};
			name = Debug;
		};
		65BA60512985BAB00062FD9F /* Release */ = {
			isa = XCBuildConfiguration;
			buildSettings = {
				ALWAYS_EMBED_SWIFT_STANDARD_LIBRARIES = YES;
				CODE_SIGN_STYLE = Automatic;
				CURRENT_PROJECT_VERSION = 1;
				DEVELOPMENT_TEAM = 745E2QWJA3;
				GENERATE_INFOPLIST_FILE = YES;
				MARKETING_VERSION = 1.0;
				PRODUCT_BUNDLE_IDENTIFIER = com.bignerdranch.TouchTrackerUITests;
				PRODUCT_NAME = "$(TARGET_NAME)";
				SWIFT_EMIT_LOC_STRINGS = NO;
				SWIFT_VERSION = 5.0;
				TARGETED_DEVICE_FAMILY = "1,2";
				TEST_TARGET_NAME = TouchTracker;
			};
			name = Release;
		};
/* End XCBuildConfiguration section */

/* Begin XCConfigurationList section */
		65BA601A2985BAAE0062FD9F /* Build configuration list for PBXProject "TouchTracker" */ = {
			isa = XCConfigurationList;
			buildConfigurations = (
				65BA60472985BAB00062FD9F /* Debug */,
				65BA60482985BAB00062FD9F /* Release */,
			);
			defaultConfigurationIsVisible = 0;
			defaultConfigurationName = Release;
		};
		65BA60492985BAB00062FD9F /* Build configuration list for PBXNativeTarget "TouchTracker" */ = {
			isa = XCConfigurationList;
			buildConfigurations = (
				65BA604A2985BAB00062FD9F /* Debug */,
				65BA604B2985BAB00062FD9F /* Release */,
			);
			defaultConfigurationIsVisible = 0;
			defaultConfigurationName = Release;
		};
		65BA604C2985BAB00062FD9F /* Build configuration list for PBXNativeTarget "TouchTrackerTests" */ = {
			isa = XCConfigurationList;
			buildConfigurations = (
				65BA604D2985BAB00062FD9F /* Debug */,
				65BA604E2985BAB00062FD9F /* Release */,
			);
			defaultConfigurationIsVisible = 0;
			defaultConfigurationName = Release;
		};
		65BA604F2985BAB00062FD9F /* Build configuration list for PBXNativeTarget "TouchTrackerUITests" */ = {
			isa = XCConfigurationList;
			buildConfigurations = (
				65BA60502985BAB00062FD9F /* Debug */,
				65BA60512985BAB00062FD9F /* Release */,
			);
			defaultConfigurationIsVisible = 0;
			defaultConfigurationName = Release;
		};
/* End XCConfigurationList section */
	};
	rootObject = 65BA60172985BAAE0062FD9F /* Project object */;
}
